{
  "agent_id": "agent_1765225188_op45",
  "timestamp": "2025-12-08T20:19:48Z",
  "planned_scope": {
    "files": [
      "AIDeveloper/src/sub-workflow-queue.ts",
      "AIDeveloper/src/utils/deployment-manager.ts",
      "AIDeveloper/src/utils/execution-logger.ts",
      "AIDeveloper/src/utils/module-auto-updater.ts"
    ],
    "features": [
      "fix_no_explicit_any_warnings",
      "improve_type_safety",
      "eslint_compliance"
    ],
    "estimated_duration": "60 minutes"
  },
  "status": "implementing"
}
