{
  "agent_id": "agent_1765225128_wurm",
  "timestamp": "2025-12-08T20:18:48Z",
  "planned_scope": {
    "files": [
      "AIDeveloper/src/types.ts",
      "AIDeveloper/src/websocket-emitter.ts",
      "AIDeveloper/src/workflow-messages.ts"
    ],
    "features": [
      "typescript_type_safety",
      "replace_any_with_proper_types",
      "eslint_compliance"
    ],
    "estimated_duration": "45 minutes"
  },
  "status": "implementing"
}
