{
  "agent_id": "agent_1765225146_nk92",
  "timestamp": "2025-12-08T20:19:06Z",
  "planned_scope": {
    "files": [
      "AIDeveloper/src/database.ts",
      "AIDeveloper/src/server.ts",
      "AIDeveloper/src/agent-communication.ts",
      "AIDeveloper/src/utils/logger.ts",
      "AIDeveloper/src/utils/branch-switcher.ts",
      "AIDeveloper/src/api/module-plugins.ts"
    ],
    "features": [
      "fix_no_explicit_any_warnings",
      "improve_type_safety",
      "eslint_compliance"
    ],
    "estimated_duration": "45 minutes"
  },
  "status": "implementing"
}
