{
  "agent_id": "agent_20251208_151553_opus",
  "timestamp": "2025-12-08T20:15:53.000Z",
  "planned_scope": {
    "files": [
      "AIDeveloper/src/agent-communication.ts",
      "AIDeveloper/src/database.ts",
      "AIDeveloper/src/server.ts",
      "AIDeveloper/src/utils/deployment-manager.ts",
      "AIDeveloper/src/utils/execution-logger.ts",
      "AIDeveloper/src/utils/logger.ts"
    ],
    "features": [
      "Type safety improvements",
      "Replace 'any' with proper types where feasible",
      "TypeScript best practices"
    ],
    "estimated_duration": "45 minutes"
  },
  "status": "implementing"
}
