{
  "agent_id": "agent_20251208_151209_op4s",
  "timestamp": "2025-12-08T15:12:09Z",
  "planned_scope": {
    "files": [
      ".gitignore",
      "AIDeveloper/src/sub-workflow-queue.ts",
      "AIDeveloper/.eslintrc.json",
      "coordination/*"
    ],
    "features": [
      "setup_coordination_system",
      "commit_pending_changes",
      "setup_eslint_config"
    ],
    "estimated_duration": "30"
  },
  "status": "implementing"
}
