{
  "agent_id": "agent_20251208_151445_5j5q",
  "timestamp": "2025-12-08T15:14:45Z",
  "planned_scope": {
    "files": [
      "AIDeveloper/.eslintrc.json",
      "AIDeveloper/.prettierrc",
      "AIDeveloper/src/sub-workflow-queue.ts"
    ],
    "features": [
      "eslint_config_fixes",
      "prettier_config_creation",
      "line_ending_normalization",
      "code_quality_improvements"
    ],
    "estimated_duration": "45 minutes"
  },
  "status": "implementing"
}
